
Microsoft Visual Studio Solution File, Format Version 12.00
# Visual Studio Version 17
VisualStudioVersion = 17.14.36414.22 d17.14
MinimumVisualStudioVersion = 10.0.40219.1
Project("{FAE04EC0-301F-11D3-BF4B-00C04F79EFBC}") = "ClassExercise2", "ClassExercise2.csproj", "{39C88216-03FC-4A6F-B5AF-698F45FE5D39}"
EndProject
Global
	GlobalSection(SolutionConfigurationPlatforms) = preSolution
		Debug|Any CPU = Debug|Any CPU
		Release|Any CPU = Release|Any CPU
	EndGlobalSection
	GlobalSection(ProjectConfigurationPlatforms) = postSolution
		{39C88216-03FC-4A6F-B5AF-698F45FE5D39}.Debug|Any CPU.ActiveCfg = Debug|Any CPU
		{39C88216-03FC-4A6F-B5AF-698F45FE5D39}.Debug|Any CPU.Build.0 = Debug|Any CPU
		{39C88216-03FC-4A6F-B5AF-698F45FE5D39}.Release|Any CPU.ActiveCfg = Release|Any CPU
		{39C88216-03FC-4A6F-B5AF-698F45FE5D39}.Release|Any CPU.Build.0 = Release|Any CPU
	EndGlobalSection
	GlobalSection(SolutionProperties) = preSolution
		HideSolutionNode = FALSE
	EndGlobalSection
	GlobalSection(ExtensibilityGlobals) = postSolution
		SolutionGuid = {41B8AD4D-69CC-412A-87FA-5BB0E95C02A6}
	EndGlobalSection
EndGlobal
